
Microsoft Visual Studio Solution File, Format Version 12.00
# Visual Studio 2013
VisualStudioVersion = 12.0.30110.0
MinimumVisualStudioVersion = 10.0.40219.1
Project("{2150E333-8FDC-42A3-9474-1A3956D46DE8}") = ".settings", ".settings", "{37F10E31-9EC4-4119-8DB5-03C780D049F6}"
	ProjectSection(SolutionItems) = preProject
		.gitattributes = .gitattributes
		.gitignore = .gitignore
		LICENSE.txt = LICENSE.txt
		README.md = README.md
		Settings.StyleCop = Settings.StyleCop
	EndProjectSection
EndProject
Project("{2150E333-8FDC-42A3-9474-1A3956D46DE8}") = "examples", "examples", "{BC75208A-D1F8-45F5-9109-A07252BAE377}"
EndProject
Project("{FAE04EC0-301F-11D3-BF4B-00C04F79EFBC}") = "KriaSoft.AspNet.Identity.DbFirst", "examples\KriaSoft.AspNet.Identity.DbFirst\KriaSoft.AspNet.Identity.DbFirst.csproj", "{6F013146-8A52-4B79-9B87-762647CD8600}"
EndProject
Project("{2150E333-8FDC-42A3-9474-1A3956D46DE8}") = "src", "src", "{D306510E-56AA-46E9-A882-0B65386D51EE}"
EndProject
Project("{00D1A9C2-B5F0-4AF3-8072-F6C62B433612}") = "KriaSoft.AspNet.Identity.Database", "src\KriaSoft.AspNet.Identity.Database\KriaSoft.AspNet.Identity.Database.sqlproj", "{C77AFCBD-25B7-4500-92DC-1248EDD6A89E}"
EndProject
Project("{FAE04EC0-301F-11D3-BF4B-00C04F79EFBC}") = "KriaSoft.AspNet.Identity.EntityFramework", "src\KriaSoft.AspNet.Identity.EntityFramework\KriaSoft.AspNet.Identity.EntityFramework.csproj", "{311FECA9-F3CE-49A7-B085-B9DAFA25CA0A}"
EndProject
Project("{2150E333-8FDC-42A3-9474-1A3956D46DE8}") = "test", "test", "{51153F63-66A3-4DC4-A7DA-1AA66F966D91}"
EndProject
Project("{FAE04EC0-301F-11D3-BF4B-00C04F79EFBC}") = "KriaSoft.AspNet.Identity.EntityFramework.Tests", "test\KriaSoft.AspNet.Identity.EntityFramework.Tests\KriaSoft.AspNet.Identity.EntityFramework.Tests.csproj", "{EDB5DE31-B19F-4105-8150-093CADEEB206}"
EndProject
Project("{2150E333-8FDC-42A3-9474-1A3956D46DE8}") = "docs", "docs", "{C82E2BD5-3C58-4AF1-8596-613F67CA0090}"
	ProjectSection(SolutionItems) = preProject
		docs\Database-First.md = docs\Database-First.md
	EndProjectSection
EndProject
Global
	GlobalSection(SolutionConfigurationPlatforms) = preSolution
		Debug|Any CPU = Debug|Any CPU
		Release|Any CPU = Release|Any CPU
	EndGlobalSection
	GlobalSection(ProjectConfigurationPlatforms) = postSolution
		{6F013146-8A52-4B79-9B87-762647CD8600}.Debug|Any CPU.ActiveCfg = Debug|Any CPU
		{6F013146-8A52-4B79-9B87-762647CD8600}.Debug|Any CPU.Build.0 = Debug|Any CPU
		{6F013146-8A52-4B79-9B87-762647CD8600}.Release|Any CPU.ActiveCfg = Release|Any CPU
		{6F013146-8A52-4B79-9B87-762647CD8600}.Release|Any CPU.Build.0 = Release|Any CPU
		{C77AFCBD-25B7-4500-92DC-1248EDD6A89E}.Debug|Any CPU.ActiveCfg = Debug|Any CPU
		{C77AFCBD-25B7-4500-92DC-1248EDD6A89E}.Debug|Any CPU.Build.0 = Debug|Any CPU
		{C77AFCBD-25B7-4500-92DC-1248EDD6A89E}.Debug|Any CPU.Deploy.0 = Debug|Any CPU
		{C77AFCBD-25B7-4500-92DC-1248EDD6A89E}.Release|Any CPU.ActiveCfg = Release|Any CPU
		{C77AFCBD-25B7-4500-92DC-1248EDD6A89E}.Release|Any CPU.Build.0 = Release|Any CPU
		{C77AFCBD-25B7-4500-92DC-1248EDD6A89E}.Release|Any CPU.Deploy.0 = Release|Any CPU
		{311FECA9-F3CE-49A7-B085-B9DAFA25CA0A}.Debug|Any CPU.ActiveCfg = Debug|Any CPU
		{311FECA9-F3CE-49A7-B085-B9DAFA25CA0A}.Debug|Any CPU.Build.0 = Debug|Any CPU
		{311FECA9-F3CE-49A7-B085-B9DAFA25CA0A}.Release|Any CPU.ActiveCfg = Release|Any CPU
		{311FECA9-F3CE-49A7-B085-B9DAFA25CA0A}.Release|Any CPU.Build.0 = Release|Any CPU
		{EDB5DE31-B19F-4105-8150-093CADEEB206}.Debug|Any CPU.ActiveCfg = Debug|Any CPU
		{EDB5DE31-B19F-4105-8150-093CADEEB206}.Debug|Any CPU.Build.0 = Debug|Any CPU
		{EDB5DE31-B19F-4105-8150-093CADEEB206}.Release|Any CPU.ActiveCfg = Release|Any CPU
		{EDB5DE31-B19F-4105-8150-093CADEEB206}.Release|Any CPU.Build.0 = Release|Any CPU
	EndGlobalSection
	GlobalSection(SolutionProperties) = preSolution
		HideSolutionNode = FALSE
	EndGlobalSection
	GlobalSection(NestedProjects) = preSolution
		{6F013146-8A52-4B79-9B87-762647CD8600} = {BC75208A-D1F8-45F5-9109-A07252BAE377}
		{C77AFCBD-25B7-4500-92DC-1248EDD6A89E} = {D306510E-56AA-46E9-A882-0B65386D51EE}
		{311FECA9-F3CE-49A7-B085-B9DAFA25CA0A} = {D306510E-56AA-46E9-A882-0B65386D51EE}
		{EDB5DE31-B19F-4105-8150-093CADEEB206} = {51153F63-66A3-4DC4-A7DA-1AA66F966D91}
	EndGlobalSection
EndGlobal
